[["version","1"]]
["","container.from",["docker.io/library/debian:trixie","linux/arm64"],"sha256:fac46bff2e02f51425b6e33b0e1169f55dfb053d83511ca28aa50c09fd5ed7a4","pin"]
["","container.from",["docker.io/library/rust:1.97-slim-trixie","linux/arm64"],"sha256:5c6f46a6e4472ab1ca7ba7d494e6677f2f219ebc02f32025d3986f057635ec9c","pin"]
["","container.from",["docker.io/s3rius/rustus:latest","linux/amd64"],"sha256:abaee862e933ec07ce9723fa6afa4bd0481983d66cbeea9c14b6b33a1404a16c","pin"]
["","container.from",["docker.io/tusproject/tusd:latest","linux/arm64"],"sha256:9610f0f8edf4cceeb26f1b3ac9fa4bb4803d61a878e222c1573cda63c9e23374","pin"]
["","container.from",["ghcr.io/orange-opensource/hurl:latest","linux/arm64"],"sha256:d7727dcc0166de8aea88916e73ea435ee09bfecb8ba0c281200206b6cf37cf64","pin"]
["","container.from",["ghcr.io/sagikazarmark/dang:latest","linux/arm64"],"sha256:6b4250eb5b48a709c5e63e24465d183e8aefcd4c8a727e4a8d0a90f5a7c00a7b","pin"]
["","git.head",["https://github.com/rustsec/advisory-db.git"],"1abf7a8c1822223a38e99f652bc232071c44a86d","float"]
["","git.head",["https://github.com/sagikazarmark/daggerverse-beta"],"124c60b10d3e728fa8a250dc10450e545423dc56","float"]
["","git.head",["https://github.com/sagikazarmark/tus-conformance-tests"],"76aa29a8fa98d12318c9a5afc1244a0836e3f5d2","float"]