[["version","2"]]
["","git-latest",["https://github.com/sagikazarmark/daggerverse-beta"],"refs/heads/main",[["tagPrefix","dagger-gha"]]]
["","git-latest",["https://github.com/sagikazarmark/daggerverse-beta"],"refs/heads/main",[["tagPrefix","dang"]]]
["","git-latest",["https://github.com/sagikazarmark/daggerverse-beta"],"refs/heads/main",[["tagPrefix","hurl"]]]
["","git-latest",["https://github.com/sagikazarmark/daggerverse-beta"],"refs/heads/main",[["tagPrefix","rust"]]]
["","git-latest",["https://github.com/sagikazarmark/tus-conformance-tests"],"refs/heads/main"]
["","git-sha",["https://github.com/rustsec/advisory-db.git","HEAD"],"5a0ebedfe8bdd2e295b171f4162f8c977bcad9a5"]
["","git-sha",["https://github.com/sagikazarmark/daggerverse-beta","refs/heads/main"],"d2330bf872be4c1ab881e4e0194d3e659ce293a5"]
["","git-sha",["https://github.com/sagikazarmark/tus-conformance-tests","refs/heads/main"],"76aa29a8fa98d12318c9a5afc1244a0836e3f5d2"]
["","oci-sha",["docker.io/library/debian:trixie"],"sha256:f324c7ff54321e8d9c588493a20244965938ce0aa50bbd1022d38010e9ffc4b1"]
["","oci-sha",["docker.io/library/rust:1.97-slim-trixie"],"sha256:8e8cf8f7fd54a2d23d5a743b3a03f56e26b6c774276c33fa0595111704ebb15c"]
["","oci-sha",["docker.io/library/rust:1.98-slim-trixie"],"sha256:17d1ba895198f9934c6314ec5346a0d5115372f3243390c3d731e242f35c2f27"]
["","oci-sha",["docker.io/s3rius/rustus:latest"],"sha256:abaee862e933ec07ce9723fa6afa4bd0481983d66cbeea9c14b6b33a1404a16c"]
["","oci-sha",["docker.io/tusproject/tusd:latest"],"sha256:9610f0f8edf4cceeb26f1b3ac9fa4bb4803d61a878e222c1573cda63c9e23374"]
["","oci-sha",["ghcr.io/orange-opensource/hurl:latest"],"sha256:d7727dcc0166de8aea88916e73ea435ee09bfecb8ba0c281200206b6cf37cf64"]
["","oci-sha",["ghcr.io/sagikazarmark/dang:latest"],"sha256:dfbbeb2875034f2278d1178528918a821ce819ff9bdb7fd68df029d1cef3154d"]