[["version","1"]]
["","container.from",["docker.io/library/rust:1.96-trixie","linux/arm64"],"sha256:1f0dbad1df66647807e6952d1db85d0b2bda7606cb2139d82517e4f009967376","pin"]
["","container.from",["docker.io/library/rust:latest","linux/arm64"],"sha256:1f0dbad1df66647807e6952d1db85d0b2bda7606cb2139d82517e4f009967376","pin"]
["","container.from",["docker.io/tusproject/tusd:latest","linux/arm64"],"sha256:9610f0f8edf4cceeb26f1b3ac9fa4bb4803d61a878e222c1573cda63c9e23374","pin"]
["","git.head",["https://github.com/rustsec/advisory-db.git"],"1090288da789aaf84278006fad35a36bfcfcbd67","float"]
["","git.head",["https://github.com/sagikazarmark/daggerverse-beta"],"fc9e9b0e3572b4b5d8758cfa98cccc867da1e344","float"]