[["version","1"]]
["","container.from",["docker.io/denoland/deno:latest","linux/arm64"],"sha256:69a9f3033e3f381770452648b1cbf4ae96ea409f7ef24f30afeff3d380705f62","pin"]
["","container.from",["docker.io/library/debian:trixie","linux/arm64"],"sha256:d07d1b51c39f51188e60be9b64e6bf769fa94e187f092bc32b91305cfa34ba5a","pin"]
["","container.from",["docker.io/library/node:latest","linux/arm64"],"sha256:926d6cafec97f338577041890465522f70fe74aa6fe4b021a4fd7f87a5996b25","pin"]
["","container.from",["docker.io/library/rust:1.97-trixie","linux/arm64"],"sha256:44637ff22d0a6571a221bfaf137849711ad02ff4723dbb4736e297538f6a3e60","pin"]
["","container.from",["docker.io/library/rust:latest","linux/arm64"],"sha256:44637ff22d0a6571a221bfaf137849711ad02ff4723dbb4736e297538f6a3e60","pin"]
["","container.from",["docker.io/oven/bun:latest","linux/arm64"],"sha256:e10577f0db68676a7024391c6e5cb4b879ebd17188ab750cf10024a6d700e5c4","pin"]
["","container.from",["docker.io/s3rius/rustus:latest","linux/amd64"],"sha256:abaee862e933ec07ce9723fa6afa4bd0481983d66cbeea9c14b6b33a1404a16c","pin"]
["","container.from",["docker.io/tusproject/tusd:latest","linux/arm64"],"sha256:9610f0f8edf4cceeb26f1b3ac9fa4bb4803d61a878e222c1573cda63c9e23374","pin"]
["","git.head",["https://github.com/rustsec/advisory-db.git"],"e20296422feea6aab5cd36bf993c68d22e4aa24f","float"]
["","git.head",["https://github.com/sagikazarmark/daggerverse-beta"],"9bae8a11b063eeb5d9a7c45bcf8eb1a7b43fd041","float"]