[["version","2"]]
["","git-latest",["https://github.com/sagikazarmark/daggerverse-beta"],"refs/heads/main",[["tagPrefix","dagger-gha"]]]
["","git-latest",["https://github.com/sagikazarmark/daggerverse-beta"],"refs/heads/main",[["tagPrefix","dioxus"]]]
["","git-latest",["https://github.com/sagikazarmark/daggerverse-beta"],"refs/heads/main",[["tagPrefix","rust"]]]
["","git-latest",["https://github.com/sagikazarmark/daggerverse-beta"],"refs/heads/main",[["tagPrefix","worker"]]]
["","git-sha",["https://github.com/sagikazarmark/daggerverse-beta","refs/heads/main"],"d2330bf872be4c1ab881e4e0194d3e659ce293a5"]
["","oci-sha",["docker.io/library/debian:trixie"],"sha256:f324c7ff54321e8d9c588493a20244965938ce0aa50bbd1022d38010e9ffc4b1"]
["","oci-sha",["docker.io/library/node:latest"],"sha256:f5d1cc40abc10c2843339a2134d07817cf33c405cb16bfd052b0ed790254c3a3"]
["","oci-sha",["docker.io/library/rust:1.97-slim-trixie"],"sha256:8e8cf8f7fd54a2d23d5a743b3a03f56e26b6c774276c33fa0595111704ebb15c"]
["","oci-sha",["docker.io/library/rust:1.97-trixie"],"sha256:b1b3c9c0d921d7fa0a6d1f9ec7e4eab87f8c8ec97644c3d791450f131dec813f"]
["","oci-sha",["docker.io/library/rust:1.98-trixie"],"sha256:620dbcd124499c59e2406d3741574b5c5838cf9eb9656f0c3a03948f79b02959"]